
Microsoft Visual Studio Solution File, Format Version 12.00
Project("{FAE04EC0-301F-11D3-BF4B-00C04F79EFBC}") = "CQRS", "CQRS\CQRS.csproj", "{48516E7B-151C-42BC-A409-E2149953C787}"
EndProject
Global
	GlobalSection(SolutionConfigurationPlatforms) = preSolution
		Debug|Any CPU = Debug|Any CPU
		Release|Any CPU = Release|Any CPU
	EndGlobalSection
	GlobalSection(ProjectConfigurationPlatforms) = postSolution
		{48516E7B-151C-42BC-A409-E2149953C787}.Debug|Any CPU.ActiveCfg = Debug|Any CPU
		{48516E7B-151C-42BC-A409-E2149953C787}.Debug|Any CPU.Build.0 = Debug|Any CPU
		{48516E7B-151C-42BC-A409-E2149953C787}.Release|Any CPU.ActiveCfg = Release|Any CPU
		{48516E7B-151C-42BC-A409-E2149953C787}.Release|Any CPU.Build.0 = Release|Any CPU
	EndGlobalSection
EndGlobal
